<?xml version="1.0" encoding="utf-8"?>
<Project ToolsVersion="4.0" xmlns="http://schemas.microsoft.com/developer/msbuild/2003">
  <ItemGroup>
    <Filter Include="源文件">
      <UniqueIdentifier>{4FC737F1-C7A5-4376-A066-2A32D752A2FF}</UniqueIdentifier>
      <Extensions>cpp;c;cc;cxx;def;odl;idl;hpj;bat;asm;asmx</Extensions>
    </Filter>
    <Filter Include="头文件">
      <UniqueIdentifier>{93995380-89BD-4b04-88EB-625FBE52EBFB}</UniqueIdentifier>
      <Extensions>h;hh;hpp;hxx;hm;inl;inc;xsd</Extensions>
    </Filter>
    <Filter Include="资源文件">
      <UniqueIdentifier>{67DA6AB6-F800-4c08-8B7A-83BB121AAD01}</UniqueIdentifier>
      <Extensions>rc;ico;cur;bmp;dlg;rc2;rct;bin;rgs;gif;jpg;jpeg;jpe;resx;tiff;tif;png;wav;mfcribbon-ms</Extensions>
    </Filter>
  </ItemGroup>
  <ItemGroup>
    <ClInclude Include="APIHooker.h">
      <Filter>头文件</Filter>
    </ClInclude>
    <ClInclude Include="HookUtil.h">
      <Filter>头文件</Filter>
    </ClInclude>
    <ClInclude Include="SocketHook.h">
      <Filter>头文件</Filter>
    </ClInclude>
    <ClInclude Include="ComHooker.h">
      <Filter>头文件</Filter>
    </ClInclude>
    <ClInclude Include="Dx9Hooker.h">
      <Filter>头文件</Filter>
    </ClInclude>
    <ClInclude Include="ClientImplement.h">
      <Filter>头文件</Filter>
    </ClInclude>
    <ClInclude Include="ClientRenderer.h">
      <Filter>头文件</Filter>
    </ClInclude>
    <ClInclude Include="NonOutputLogger.h">
      <Filter>头文件</Filter>
    </ClInclude>
    <ClInclude Include="HookedSocket.h">
      <Filter>头文件</Filter>
    </ClInclude>
    <ClInclude Include="Encoding.h">
      <Filter>头文件</Filter>
    </ClInclude>
    <ClInclude Include="VirtualUDPConnection.h">
      <Filter>头文件</Filter>
    </ClInclude>
  </ItemGroup>
  <ItemGroup>
    <ClCompile Include="APIHooker.cpp">
      <Filter>源文件</Filter>
    </ClCompile>
    <ClCompile Include="HookUtil.cpp">
      <Filter>源文件</Filter>
    </ClCompile>
    <ClCompile Include="DllMain.cpp">
      <Filter>源文件</Filter>
    </ClCompile>
    <ClCompile Include="SocketHook.cpp">
      <Filter>源文件</Filter>
    </ClCompile>
    <ClCompile Include="ComHooker.cpp">
      <Filter>源文件</Filter>
    </ClCompile>
    <ClCompile Include="Dx9Hooker.cpp">
      <Filter>源文件</Filter>
    </ClCompile>
    <ClCompile Include="ClientImplement.cpp">
      <Filter>源文件</Filter>
    </ClCompile>
    <ClCompile Include="ClientRenderer.cpp">
      <Filter>源文件</Filter>
    </ClCompile>
    <ClCompile Include="HookedSocket.cpp">
      <Filter>源文件</Filter>
    </ClCompile>
    <ClCompile Include="Encoding.cpp">
      <Filter>源文件</Filter>
    </ClCompile>
    <ClCompile Include="VirtualUDPConnection.cpp">
      <Filter>源文件</Filter>
    </ClCompile>
  </ItemGroup>
</Project>